
Microsoft Visual Studio Solution File, Format Version 12.00
# Visual Studio 14
VisualStudioVersion = 14.0.25420.1
MinimumVisualStudioVersion = 10.0.40219.1
Project("{FAE04EC0-301F-11D3-BF4B-00C04F79EFBC}") = "BrowserExample", "BrowserExample\BrowserExample.csproj", "{5C2E026C-A07A-45D2-B617-5B1F3D2B7EB6}"
EndProject
Project("{FAE04EC0-301F-11D3-BF4B-00C04F79EFBC}") = "TextFieldExample", "TextFieldExample\TextFieldExample.csproj", "{EA0ED0BD-22F9-4D3D-907C-B656F12BE5FF}"
EndProject
Global
	GlobalSection(SolutionConfigurationPlatforms) = preSolution
		Debug|Any CPU = Debug|Any CPU
		Release|Any CPU = Release|Any CPU
	EndGlobalSection
	GlobalSection(ProjectConfigurationPlatforms) = postSolution
		{5C2E026C-A07A-45D2-B617-5B1F3D2B7EB6}.Debug|Any CPU.ActiveCfg = Debug|Any CPU
		{5C2E026C-A07A-45D2-B617-5B1F3D2B7EB6}.Debug|Any CPU.Build.0 = Debug|Any CPU
		{5C2E026C-A07A-45D2-B617-5B1F3D2B7EB6}.Release|Any CPU.ActiveCfg = Release|Any CPU
		{5C2E026C-A07A-45D2-B617-5B1F3D2B7EB6}.Release|Any CPU.Build.0 = Release|Any CPU
		{EA0ED0BD-22F9-4D3D-907C-B656F12BE5FF}.Debug|Any CPU.ActiveCfg = Debug|Any CPU
		{EA0ED0BD-22F9-4D3D-907C-B656F12BE5FF}.Debug|Any CPU.Build.0 = Debug|Any CPU
		{EA0ED0BD-22F9-4D3D-907C-B656F12BE5FF}.Release|Any CPU.ActiveCfg = Release|Any CPU
		{EA0ED0BD-22F9-4D3D-907C-B656F12BE5FF}.Release|Any CPU.Build.0 = Release|Any CPU
	EndGlobalSection
	GlobalSection(SolutionProperties) = preSolution
		HideSolutionNode = FALSE
	EndGlobalSection
EndGlobal
